<Solution>
  <Configurations>
    <Platform Name="Any CPU" />
    <Platform Name="x64" />
    <Platform Name="x86" />
  </Configurations>
  <Project Path="Movies.Api/Movies.Api.csproj" />
  <Project Path="Movies.Application/Movies.Application.csproj" />
  <Project Path="Movies.Contracts/Movies.Contracts.csproj" />
</Solution>
